
Microsoft Visual Studio Solution File, Format Version 12.00
# Visual Studio 15
VisualStudioVersion = 15.0.26730.16
MinimumVisualStudioVersion = 10.0.40219.1
Project("{FAE04EC0-301F-11D3-BF4B-00C04F79EFBC}") = "OutputChanger", "OutputChanger\OutputChanger.csproj", "{1D919FB5-0353-4F7D-8DC3-B7DC126D8261}"
EndProject
Project("{54435603-DBB4-11D2-8724-00A0C9A8B90C}") = "Setup", "Setup\Setup.vdproj", "{19DDF8FE-625D-41C7-BEAC-A7B2A1E0A0CF}"
EndProject
Global
	GlobalSection(SolutionConfigurationPlatforms) = preSolution
		Debug|Any CPU = Debug|Any CPU
		Release|Any CPU = Release|Any CPU
	EndGlobalSection
	GlobalSection(ProjectConfigurationPlatforms) = postSolution
		{1D919FB5-0353-4F7D-8DC3-B7DC126D8261}.Debug|Any CPU.ActiveCfg = Debug|Any CPU
		{1D919FB5-0353-4F7D-8DC3-B7DC126D8261}.Debug|Any CPU.Build.0 = Debug|Any CPU
		{1D919FB5-0353-4F7D-8DC3-B7DC126D8261}.Release|Any CPU.ActiveCfg = Release|Any CPU
		{1D919FB5-0353-4F7D-8DC3-B7DC126D8261}.Release|Any CPU.Build.0 = Release|Any CPU
		{19DDF8FE-625D-41C7-BEAC-A7B2A1E0A0CF}.Debug|Any CPU.ActiveCfg = Debug
		{19DDF8FE-625D-41C7-BEAC-A7B2A1E0A0CF}.Release|Any CPU.ActiveCfg = Release
	EndGlobalSection
	GlobalSection(SolutionProperties) = preSolution
		HideSolutionNode = FALSE
	EndGlobalSection
	GlobalSection(ExtensibilityGlobals) = postSolution
		SolutionGuid = {EE079FBB-0EB6-47BC-A69A-D891B22B1F08}
	EndGlobalSection
EndGlobal
